// !$*UTF8*$!
{
	archiveVersion = 1;
	classes = {
	};
	objectVersion = 56;
	objects = {

/* Begin PBXBuildFile section */
		171B1FC82A4CEE2F00371A05 /* PokemonView.swift in Sources */ = {isa = PBXBuildFile; fileRef = 171B1FC72A4CEE2F00371A05 /* PokemonView.swift */; };
		173D8A1D2A50F88200051447 /* pokemon.json in Resources */ = {isa = PBXBuildFile; fileRef = 173D8A1C2A50F88200051447 /* pokemon.json */; };
		173D8A202A50F9DF00051447 /* Helpers.swift in Sources */ = {isa = PBXBuildFile; fileRef = 173D8A1F2A50F9DF00051447 /* Helpers.swift */; };
		173D8A242A50FC4A00051447 /* PokemonModel.swift in Sources */ = {isa = PBXBuildFile; fileRef = 173D8A232A50FC4A00051447 /* PokemonModel.swift */; };
		173D8A2C2A51006B00051447 /* PokemonManager.swift in Sources */ = {isa = PBXBuildFile; fileRef = 173D8A2B2A51006B00051447 /* PokemonManager.swift */; };
		173D8A332A51165300051447 /* pokemon_species.json in Resources */ = {isa = PBXBuildFile; fileRef = 173D8A322A51165300051447 /* pokemon_species.json */; };
		173D8A3D2A5130EC00051447 /* PokedexView.swift in Sources */ = {isa = PBXBuildFile; fileRef = 173D8A3C2A5130EC00051447 /* PokedexView.swift */; };
		175E125D2A4CF430004C1D26 /* Alamofire.framework in Frameworks */ = {isa = PBXBuildFile; fileRef = 175E125B2A4CF3F9004C1D26 /* Alamofire.framework */; };
		176194052A4CED9400C32163 /* PokedexApp.swift in Sources */ = {isa = PBXBuildFile; fileRef = 176194042A4CED9400C32163 /* PokedexApp.swift */; };
		176194072A4CED9400C32163 /* ContentView.swift in Sources */ = {isa = PBXBuildFile; fileRef = 176194062A4CED9400C32163 /* ContentView.swift */; };
		176194092A4CED9400C32163 /* Assets.xcassets in Resources */ = {isa = PBXBuildFile; fileRef = 176194082A4CED9400C32163 /* Assets.xcassets */; };
		1761940C2A4CED9400C32163 /* Preview Assets.xcassets in Resources */ = {isa = PBXBuildFile; fileRef = 1761940B2A4CED9400C32163 /* Preview Assets.xcassets */; };
		17B3262C2A4ED77C00195A2E /* HeaderView.swift in Sources */ = {isa = PBXBuildFile; fileRef = 17B3262B2A4ED77C00195A2E /* HeaderView.swift */; };
		17B326322A4ED9C500195A2E /* SearchBarView.swift in Sources */ = {isa = PBXBuildFile; fileRef = 17B326312A4ED9C500195A2E /* SearchBarView.swift */; };
		17B326342A4F218300195A2E /* MoveButtonsView.swift in Sources */ = {isa = PBXBuildFile; fileRef = 17B326332A4F218300195A2E /* MoveButtonsView.swift */; };
		D6342C8DE4A80313DC7EFFD1 /* Pods_Pokedex.framework in Frameworks */ = {isa = PBXBuildFile; fileRef = 94007C05113FA9186690956E /* Pods_Pokedex.framework */; };
/* End PBXBuildFile section */

/* Begin PBXFileReference section */
		153879965C1D41FE814781E2 /* Pods-Pokedex.debug.xcconfig */ = {isa = PBXFileReference; includeInIndex = 1; lastKnownFileType = text.xcconfig; name = "Pods-Pokedex.debug.xcconfig"; path = "Target Support Files/Pods-Pokedex/Pods-Pokedex.debug.xcconfig"; sourceTree = "<group>"; };
		171B1FC72A4CEE2F00371A05 /* PokemonView.swift */ = {isa = PBXFileReference; lastKnownFileType = sourcecode.swift; name = PokemonView.swift; path = ../PokemonView.swift; sourceTree = "<group>"; };
		173D8A1C2A50F88200051447 /* pokemon.json */ = {isa = PBXFileReference; lastKnownFileType = text.json; path = pokemon.json; sourceTree = "<group>"; };
		173D8A1F2A50F9DF00051447 /* Helpers.swift */ = {isa = PBXFileReference; lastKnownFileType = sourcecode.swift; path = Helpers.swift; sourceTree = "<group>"; };
		173D8A232A50FC4A00051447 /* PokemonModel.swift */ = {isa = PBXFileReference; lastKnownFileType = sourcecode.swift; path = PokemonModel.swift; sourceTree = "<group>"; };
		173D8A2B2A51006B00051447 /* PokemonManager.swift */ = {isa = PBXFileReference; lastKnownFileType = sourcecode.swift; path = PokemonManager.swift; sourceTree = "<group>"; };
		173D8A322A51165300051447 /* pokemon_species.json */ = {isa = PBXFileReference; lastKnownFileType = text.json; path = pokemon_species.json; sourceTree = "<group>"; };
		173D8A3C2A5130EC00051447 /* PokedexView.swift */ = {isa = PBXFileReference; lastKnownFileType = sourcecode.swift; path = PokedexView.swift; sourceTree = "<group>"; };
		175E125B2A4CF3F9004C1D26 /* Alamofire.framework */ = {isa = PBXFileReference; explicitFileType = wrapper.framework; path = Alamofire.framework; sourceTree = BUILT_PRODUCTS_DIR; };
		175E12622A4D81BC004C1D26 /* README.md */ = {isa = PBXFileReference; lastKnownFileType = net.daringfireball.markdown; path = README.md; sourceTree = "<group>"; };
		176194012A4CED9400C32163 /* Pokedex.app */ = {isa = PBXFileReference; explicitFileType = wrapper.application; includeInIndex = 0; path = Pokedex.app; sourceTree = BUILT_PRODUCTS_DIR; };
		176194042A4CED9400C32163 /* PokedexApp.swift */ = {isa = PBXFileReference; lastKnownFileType = sourcecode.swift; path = PokedexApp.swift; sourceTree = "<group>"; };
		176194062A4CED9400C32163 /* ContentView.swift */ = {isa = PBXFileReference; lastKnownFileType = sourcecode.swift; path = ContentView.swift; sourceTree = "<group>"; };
		176194082A4CED9400C32163 /* Assets.xcassets */ = {isa = PBXFileReference; lastKnownFileType = folder.assetcatalog; path = Assets.xcassets; sourceTree = "<group>"; };
		1761940B2A4CED9400C32163 /* Preview Assets.xcassets */ = {isa = PBXFileReference; lastKnownFileType = folder.assetcatalog; path = "Preview Assets.xcassets"; sourceTree = "<group>"; };
		17B3262B2A4ED77C00195A2E /* HeaderView.swift */ = {isa = PBXFileReference; lastKnownFileType = sourcecode.swift; path = HeaderView.swift; sourceTree = "<group>"; };
		17B326312A4ED9C500195A2E /* SearchBarView.swift */ = {isa = PBXFileReference; lastKnownFileType = sourcecode.swift; path = SearchBarView.swift; sourceTree = "<group>"; };
		17B326332A4F218300195A2E /* MoveButtonsView.swift */ = {isa = PBXFileReference; lastKnownFileType = sourcecode.swift; path = MoveButtonsView.swift; sourceTree = "<group>"; };
		94007C05113FA9186690956E /* Pods_Pokedex.framework */ = {isa = PBXFileReference; explicitFileType = wrapper.framework; includeInIndex = 0; path = Pods_Pokedex.framework; sourceTree = BUILT_PRODUCTS_DIR; };
		A67D22A52E02DD66401E22EC /* Pods-Pokedex.release.xcconfig */ = {isa = PBXFileReference; includeInIndex = 1; lastKnownFileType = text.xcconfig; name = "Pods-Pokedex.release.xcconfig"; path = "Target Support Files/Pods-Pokedex/Pods-Pokedex.release.xcconfig"; sourceTree = "<group>"; };
/* End PBXFileReference section */

/* Begin PBXFrameworksBuildPhase section */
		176193FE2A4CED9400C32163 /* Frameworks */ = {
			isa = PBXFrameworksBuildPhase;
			buildActionMask = 2147483647;
			files = (
				D6342C8DE4A80313DC7EFFD1 /* Pods_Pokedex.framework in Frameworks */,
				175E125D2A4CF430004C1D26 /* Alamofire.framework in Frameworks */,
			);
			runOnlyForDeploymentPostprocessing = 0;
		};
/* End PBXFrameworksBuildPhase section */

/* Begin PBXGroup section */
		173D8A1B2A50F85900051447 /* Data */ = {
			isa = PBXGroup;
			children = (
				173D8A1C2A50F88200051447 /* pokemon.json */,
				173D8A322A51165300051447 /* pokemon_species.json */,
			);
			path = Data;
			sourceTree = "<group>";
		};
		173D8A1E2A50F9CE00051447 /* Helpers */ = {
			isa = PBXGroup;
			children = (
				173D8A1F2A50F9DF00051447 /* Helpers.swift */,
			);
			path = Helpers;
			sourceTree = "<group>";
		};
		173D8A222A50FC3300051447 /* Models */ = {
			isa = PBXGroup;
			children = (
				173D8A232A50FC4A00051447 /* PokemonModel.swift */,
			);
			path = Models;
			sourceTree = "<group>";
		};
		173D8A2A2A51004F00051447 /* Managers */ = {
			isa = PBXGroup;
			children = (
				173D8A2B2A51006B00051447 /* PokemonManager.swift */,
			);
			path = Managers;
			sourceTree = "<group>";
		};
		173D8A2F2A51123B00051447 /* Views */ = {
			isa = PBXGroup;
			children = (
				17B3262B2A4ED77C00195A2E /* HeaderView.swift */,
				17B326312A4ED9C500195A2E /* SearchBarView.swift */,
				176194062A4CED9400C32163 /* ContentView.swift */,
				171B1FC72A4CEE2F00371A05 /* PokemonView.swift */,
				173D8A3C2A5130EC00051447 /* PokedexView.swift */,
			);
			path = Views;
			sourceTree = "<group>";
		};
		176193F82A4CED9400C32163 = {
			isa = PBXGroup;
			children = (
				175E12622A4D81BC004C1D26 /* README.md */,
				176194032A4CED9400C32163 /* Pokedex */,
				176194022A4CED9400C32163 /* Products */,
				F73705F70557A6BFEC32753A /* Pods */,
				F82F67376EF379460C72EE20 /* Frameworks */,
			);
			sourceTree = "<group>";
		};
		176194022A4CED9400C32163 /* Products */ = {
			isa = PBXGroup;
			children = (
				176194012A4CED9400C32163 /* Pokedex.app */,
			);
			name = Products;
			sourceTree = "<group>";
		};
		176194032A4CED9400C32163 /* Pokedex */ = {
			isa = PBXGroup;
			children = (
				176194042A4CED9400C32163 /* PokedexApp.swift */,
				173D8A2F2A51123B00051447 /* Views */,
				173D8A222A50FC3300051447 /* Models */,
				173D8A2A2A51004F00051447 /* Managers */,
				173D8A1E2A50F9CE00051447 /* Helpers */,
				173D8A1B2A50F85900051447 /* Data */,
				176194082A4CED9400C32163 /* Assets.xcassets */,
				1761940A2A4CED9400C32163 /* Preview Content */,
				17B326332A4F218300195A2E /* MoveButtonsView.swift */,
			);
			path = Pokedex;
			sourceTree = "<group>";
		};
		1761940A2A4CED9400C32163 /* Preview Content */ = {
			isa = PBXGroup;
			children = (
				1761940B2A4CED9400C32163 /* Preview Assets.xcassets */,
			);
			path = "Preview Content";
			sourceTree = "<group>";
		};
		F73705F70557A6BFEC32753A /* Pods */ = {
			isa = PBXGroup;
			children = (
				153879965C1D41FE814781E2 /* Pods-Pokedex.debug.xcconfig */,
				A67D22A52E02DD66401E22EC /* Pods-Pokedex.release.xcconfig */,
			);
			path = Pods;
			sourceTree = "<group>";
		};
		F82F67376EF379460C72EE20 /* Frameworks */ = {
			isa = PBXGroup;
			children = (
				175E125B2A4CF3F9004C1D26 /* Alamofire.framework */,
				94007C05113FA9186690956E /* Pods_Pokedex.framework */,
			);
			name = Frameworks;
			sourceTree = "<group>";
		};
/* End PBXGroup section */

/* Begin PBXNativeTarget section */
		176194002A4CED9400C32163 /* Pokedex */ = {
			isa = PBXNativeTarget;
			buildConfigurationList = 1761940F2A4CED9400C32163 /* Build configuration list for PBXNativeTarget "Pokedex" */;
			buildPhases = (
				AB18529A6E0A125CC8227554 /* [CP] Check Pods Manifest.lock */,
				176193FD2A4CED9400C32163 /* Sources */,
				176193FE2A4CED9400C32163 /* Frameworks */,
				176193FF2A4CED9400C32163 /* Resources */,
				BC11056C7FA22A88ECD6D7E4 /* [CP] Embed Pods Frameworks */,
			);
			buildRules = (
			);
			dependencies = (
			);
			name = Pokedex;
			productName = Pokedex;
			productReference = 176194012A4CED9400C32163 /* Pokedex.app */;
			productType = "com.apple.product-type.application";
		};
/* End PBXNativeTarget section */

/* Begin PBXProject section */
		176193F92A4CED9400C32163 /* Project object */ = {
			isa = PBXProject;
			attributes = {
				BuildIndependentTargetsInParallel = 1;
				LastSwiftUpdateCheck = 1430;
				LastUpgradeCheck = 1430;
				TargetAttributes = {
					176194002A4CED9400C32163 = {
						CreatedOnToolsVersion = 14.3.1;
					};
				};
			};
			buildConfigurationList = 176193FC2A4CED9400C32163 /* Build configuration list for PBXProject "Pokedex" */;
			compatibilityVersion = "Xcode 14.0";
			developmentRegion = en;
			hasScannedForEncodings = 0;
			knownRegions = (
				en,
				Base,
			);
			mainGroup = 176193F82A4CED9400C32163;
			productRefGroup = 176194022A4CED9400C32163 /* Products */;
			projectDirPath = "";
			projectRoot = "";
			targets = (
				176194002A4CED9400C32163 /* Pokedex */,
			);
		};
/* End PBXProject section */

/* Begin PBXResourcesBuildPhase section */
		176193FF2A4CED9400C32163 /* Resources */ = {
			isa = PBXResourcesBuildPhase;
			buildActionMask = 2147483647;
			files = (
				173D8A332A51165300051447 /* pokemon_species.json in Resources */,
				1761940C2A4CED9400C32163 /* Preview Assets.xcassets in Resources */,
				173D8A1D2A50F88200051447 /* pokemon.json in Resources */,
				176194092A4CED9400C32163 /* Assets.xcassets in Resources */,
			);
			runOnlyForDeploymentPostprocessing = 0;
		};
/* End PBXResourcesBuildPhase section */

/* Begin PBXShellScriptBuildPhase section */
		AB18529A6E0A125CC8227554 /* [CP] Check Pods Manifest.lock */ = {
			isa = PBXShellScriptBuildPhase;
			buildActionMask = 2147483647;
			files = (
			);
			inputFileListPaths = (
			);
			inputPaths = (
				"${PODS_PODFILE_DIR_PATH}/Podfile.lock",
				"${PODS_ROOT}/Manifest.lock",
			);
			name = "[CP] Check Pods Manifest.lock";
			outputFileListPaths = (
			);
			outputPaths = (
				"$(DERIVED_FILE_DIR)/Pods-Pokedex-checkManifestLockResult.txt",
			);
			runOnlyForDeploymentPostprocessing = 0;
			shellPath = /bin/sh;
			shellScript = "diff \"${PODS_PODFILE_DIR_PATH}/Podfile.lock\" \"${PODS_ROOT}/Manifest.lock\" > /dev/null\nif [ $? != 0 ] ; then\n    # print error to STDERR\n    echo \"error: The sandbox is not in sync with the Podfile.lock. Run 'pod install' or update your CocoaPods installation.\" >&2\n    exit 1\nfi\n# This output is used by Xcode 'outputs' to avoid re-running this script phase.\necho \"SUCCESS\" > \"${SCRIPT_OUTPUT_FILE_0}\"\n";
			showEnvVarsInLog = 0;
		};
		BC11056C7FA22A88ECD6D7E4 /* [CP] Embed Pods Frameworks */ = {
			isa = PBXShellScriptBuildPhase;
			buildActionMask = 2147483647;
			files = (
			);
			inputFileListPaths = (
				"${PODS_ROOT}/Target Support Files/Pods-Pokedex/Pods-Pokedex-frameworks-${CONFIGURATION}-input-files.xcfilelist",
			);
			name = "[CP] Embed Pods Frameworks";
			outputFileListPaths = (
				"${PODS_ROOT}/Target Support Files/Pods-Pokedex/Pods-Pokedex-frameworks-${CONFIGURATION}-output-files.xcfilelist",
			);
			runOnlyForDeploymentPostprocessing = 0;
			shellPath = /bin/sh;
			shellScript = "\"${PODS_ROOT}/Target Support Files/Pods-Pokedex/Pods-Pokedex-frameworks.sh\"\n";
			showEnvVarsInLog = 0;
		};
/* End PBXShellScriptBuildPhase section */

/* Begin PBXSourcesBuildPhase section */
		176193FD2A4CED9400C32163 /* Sources */ = {
			isa = PBXSourcesBuildPhase;
			buildActionMask = 2147483647;
			files = (
				176194072A4CED9400C32163 /* ContentView.swift in Sources */,
				17B326322A4ED9C500195A2E /* SearchBarView.swift in Sources */,
				171B1FC82A4CEE2F00371A05 /* PokemonView.swift in Sources */,
				173D8A242A50FC4A00051447 /* PokemonModel.swift in Sources */,
				173D8A3D2A5130EC00051447 /* PokedexView.swift in Sources */,
				17B3262C2A4ED77C00195A2E /* HeaderView.swift in Sources */,
				173D8A202A50F9DF00051447 /* Helpers.swift in Sources */,
				173D8A2C2A51006B00051447 /* PokemonManager.swift in Sources */,
				17B326342A4F218300195A2E /* MoveButtonsView.swift in Sources */,
				176194052A4CED9400C32163 /* PokedexApp.swift in Sources */,
			);
			runOnlyForDeploymentPostprocessing = 0;
		};
/* End PBXSourcesBuildPhase section */

/* Begin XCBuildConfiguration section */
		1761940D2A4CED9400C32163 /* Debug */ = {
			isa = XCBuildConfiguration;
			buildSettings = {
				ALWAYS_SEARCH_USER_PATHS = NO;
				CLANG_ANALYZER_NONNULL = YES;
				CLANG_ANALYZER_NUMBER_OBJECT_CONVERSION = YES_AGGRESSIVE;
				CLANG_CXX_LANGUAGE_STANDARD = "gnu++20";
				CLANG_ENABLE_MODULES = YES;
				CLANG_ENABLE_OBJC_ARC = YES;
				CLANG_ENABLE_OBJC_WEAK = YES;
				CLANG_WARN_BLOCK_CAPTURE_AUTORELEASING = YES;
				CLANG_WARN_BOOL_CONVERSION = YES;
				CLANG_WARN_COMMA = YES;
				CLANG_WARN_CONSTANT_CONVERSION = YES;
				CLANG_WARN_DEPRECATED_OBJC_IMPLEMENTATIONS = YES;
				CLANG_WARN_DIRECT_OBJC_ISA_USAGE = YES_ERROR;
				CLANG_WARN_DOCUMENTATION_COMMENTS = YES;
				CLANG_WARN_EMPTY_BODY = YES;
				CLANG_WARN_ENUM_CONVERSION = YES;
				CLANG_WARN_INFINITE_RECURSION = YES;
				CLANG_WARN_INT_CONVERSION = YES;
				CLANG_WARN_NON_LITERAL_NULL_CONVERSION = YES;
				CLANG_WARN_OBJC_IMPLICIT_RETAIN_SELF = YES;
				CLANG_WARN_OBJC_LITERAL_CONVERSION = YES;
				CLANG_WARN_OBJC_ROOT_CLASS = YES_ERROR;
				CLANG_WARN_QUOTED_INCLUDE_IN_FRAMEWORK_HEADER = YES;
				CLANG_WARN_RANGE_LOOP_ANALYSIS = YES;
				CLANG_WARN_STRICT_PROTOTYPES = YES;
				CLANG_WARN_SUSPICIOUS_MOVE = YES;
				CLANG_WARN_UNGUARDED_AVAILABILITY = YES_AGGRESSIVE;
				CLANG_WARN_UNREACHABLE_CODE = YES;
				CLANG_WARN__DUPLICATE_METHOD_MATCH = YES;
				COPY_PHASE_STRIP = NO;
				DEBUG_INFORMATION_FORMAT = dwarf;
				ENABLE_STRICT_OBJC_MSGSEND = YES;
				ENABLE_TESTABILITY = YES;
				GCC_C_LANGUAGE_STANDARD = gnu11;
				GCC_DYNAMIC_NO_PIC = NO;
				GCC_NO_COMMON_BLOCKS = YES;
				GCC_OPTIMIZATION_LEVEL = 0;
				GCC_PREPROCESSOR_DEFINITIONS = (
					"DEBUG=1",
					"$(inherited)",
				);
				GCC_WARN_64_TO_32_BIT_CONVERSION = YES;
				GCC_WARN_ABOUT_RETURN_TYPE = YES_ERROR;
				GCC_WARN_UNDECLARED_SELECTOR = YES;
				GCC_WARN_UNINITIALIZED_AUTOS = YES_AGGRESSIVE;
				GCC_WARN_UNUSED_FUNCTION = YES;
				GCC_WARN_UNUSED_VARIABLE = YES;
				IPHONEOS_DEPLOYMENT_TARGET = 16.4;
				MTL_ENABLE_DEBUG_INFO = INCLUDE_SOURCE;
				MTL_FAST_MATH = YES;
				ONLY_ACTIVE_ARCH = YES;
				SDKROOT = iphoneos;
				SWIFT_ACTIVE_COMPILATION_CONDITIONS = DEBUG;
				SWIFT_OPTIMIZATION_LEVEL = "-Onone";
			};
			name = Debug;
		};
		1761940E2A4CED9400C32163 /* Release */ = {
			isa = XCBuildConfiguration;
			buildSettings = {
				ALWAYS_SEARCH_USER_PATHS = NO;
				CLANG_ANALYZER_NONNULL = YES;
				CLANG_ANALYZER_NUMBER_OBJECT_CONVERSION = YES_AGGRESSIVE;
				CLANG_CXX_LANGUAGE_STANDARD = "gnu++20";
				CLANG_ENABLE_MODULES = YES;
				CLANG_ENABLE_OBJC_ARC = YES;
				CLANG_ENABLE_OBJC_WEAK = YES;
				CLANG_WARN_BLOCK_CAPTURE_AUTORELEASING = YES;
				CLANG_WARN_BOOL_CONVERSION = YES;
				CLANG_WARN_COMMA = YES;
				CLANG_WARN_CONSTANT_CONVERSION = YES;
				CLANG_WARN_DEPRECATED_OBJC_IMPLEMENTATIONS = YES;
				CLANG_WARN_DIRECT_OBJC_ISA_USAGE = YES_ERROR;
				CLANG_WARN_DOCUMENTATION_COMMENTS = YES;
				CLANG_WARN_EMPTY_BODY = YES;
				CLANG_WARN_ENUM_CONVERSION = YES;
				CLANG_WARN_INFINITE_RECURSION = YES;
				CLANG_WARN_INT_CONVERSION = YES;
				CLANG_WARN_NON_LITERAL_NULL_CONVERSION = YES;
				CLANG_WARN_OBJC_IMPLICIT_RETAIN_SELF = YES;
				CLANG_WARN_OBJC_LITERAL_CONVERSION = YES;
				CLANG_WARN_OBJC_ROOT_CLASS = YES_ERROR;
				CLANG_WARN_QUOTED_INCLUDE_IN_FRAMEWORK_HEADER = YES;
				CLANG_WARN_RANGE_LOOP_ANALYSIS = YES;
				CLANG_WARN_STRICT_PROTOTYPES = YES;
				CLANG_WARN_SUSPICIOUS_MOVE = YES;
				CLANG_WARN_UNGUARDED_AVAILABILITY = YES_AGGRESSIVE;
				CLANG_WARN_UNREACHABLE_CODE = YES;
				CLANG_WARN__DUPLICATE_METHOD_MATCH = YES;
				COPY_PHASE_STRIP = NO;
				DEBUG_INFORMATION_FORMAT = "dwarf-with-dsym";
				ENABLE_NS_ASSERTIONS = NO;
				ENABLE_STRICT_OBJC_MSGSEND = YES;
				GCC_C_LANGUAGE_STANDARD = gnu11;
				GCC_NO_COMMON_BLOCKS = YES;
				GCC_WARN_64_TO_32_BIT_CONVERSION = YES;
				GCC_WARN_ABOUT_RETURN_TYPE = YES_ERROR;
				GCC_WARN_UNDECLARED_SELECTOR = YES;
				GCC_WARN_UNINITIALIZED_AUTOS = YES_AGGRESSIVE;
				GCC_WARN_UNUSED_FUNCTION = YES;
				GCC_WARN_UNUSED_VARIABLE = YES;
				IPHONEOS_DEPLOYMENT_TARGET = 16.4;
				MTL_ENABLE_DEBUG_INFO = NO;
				MTL_FAST_MATH = YES;
				SDKROOT = iphoneos;
				SWIFT_COMPILATION_MODE = wholemodule;
				SWIFT_OPTIMIZATION_LEVEL = "-O";
				VALIDATE_PRODUCT = YES;
			};
			name = Release;
		};
		176194102A4CED9400C32163 /* Debug */ = {
			isa = XCBuildConfiguration;
			baseConfigurationReference = 153879965C1D41FE814781E2 /* Pods-Pokedex.debug.xcconfig */;
			buildSettings = {
				ASSETCATALOG_COMPILER_APPICON_NAME = AppIcon;
				ASSETCATALOG_COMPILER_GLOBAL_ACCENT_COLOR_NAME = AccentColor;
				CODE_SIGN_STYLE = Automatic;
				CURRENT_PROJECT_VERSION = 1;
				DEVELOPMENT_ASSET_PATHS = "\"Pokedex/Preview Content\"";
				DEVELOPMENT_TEAM = GZNCD637GT;
				ENABLE_PREVIEWS = YES;
				GENERATE_INFOPLIST_FILE = YES;
				INFOPLIST_KEY_UIApplicationSceneManifest_Generation = YES;
				INFOPLIST_KEY_UIApplicationSupportsIndirectInputEvents = YES;
				INFOPLIST_KEY_UILaunchScreen_Generation = YES;
				INFOPLIST_KEY_UISupportedInterfaceOrientations_iPad = "UIInterfaceOrientationPortrait UIInterfaceOrientationPortraitUpsideDown UIInterfaceOrientationLandscapeLeft UIInterfaceOrientationLandscapeRight";
				INFOPLIST_KEY_UISupportedInterfaceOrientations_iPhone = "UIInterfaceOrientationPortrait UIInterfaceOrientationLandscapeLeft UIInterfaceOrientationLandscapeRight";
				LD_RUNPATH_SEARCH_PATHS = (
					"$(inherited)",
					"@executable_path/Frameworks",
				);
				MARKETING_VERSION = 1.2.0;
				PRODUCT_BUNDLE_IDENTIFIER = JNPL.Pokedex;
				PRODUCT_NAME = "$(TARGET_NAME)";
				SWIFT_EMIT_LOC_STRINGS = YES;
				SWIFT_VERSION = 5.0;
				TARGETED_DEVICE_FAMILY = "1,2";
			};
			name = Debug;
		};
		176194112A4CED9400C32163 /* Release */ = {
			isa = XCBuildConfiguration;
			baseConfigurationReference = A67D22A52E02DD66401E22EC /* Pods-Pokedex.release.xcconfig */;
			buildSettings = {
				ASSETCATALOG_COMPILER_APPICON_NAME = AppIcon;
				ASSETCATALOG_COMPILER_GLOBAL_ACCENT_COLOR_NAME = AccentColor;
				CODE_SIGN_STYLE = Automatic;
				CURRENT_PROJECT_VERSION = 1;
				DEVELOPMENT_ASSET_PATHS = "\"Pokedex/Preview Content\"";
				DEVELOPMENT_TEAM = GZNCD637GT;
				ENABLE_PREVIEWS = YES;
				GENERATE_INFOPLIST_FILE = YES;
				INFOPLIST_KEY_UIApplicationSceneManifest_Generation = YES;
				INFOPLIST_KEY_UIApplicationSupportsIndirectInputEvents = YES;
				INFOPLIST_KEY_UILaunchScreen_Generation = YES;
				INFOPLIST_KEY_UISupportedInterfaceOrientations_iPad = "UIInterfaceOrientationPortrait UIInterfaceOrientationPortraitUpsideDown UIInterfaceOrientationLandscapeLeft UIInterfaceOrientationLandscapeRight";
				INFOPLIST_KEY_UISupportedInterfaceOrientations_iPhone = "UIInterfaceOrientationPortrait UIInterfaceOrientationLandscapeLeft UIInterfaceOrientationLandscapeRight";
				LD_RUNPATH_SEARCH_PATHS = (
					"$(inherited)",
					"@executable_path/Frameworks",
				);
				MARKETING_VERSION = 1.2.0;
				PRODUCT_BUNDLE_IDENTIFIER = JNPL.Pokedex;
				PRODUCT_NAME = "$(TARGET_NAME)";
				SWIFT_EMIT_LOC_STRINGS = YES;
				SWIFT_VERSION = 5.0;
				TARGETED_DEVICE_FAMILY = "1,2";
			};
			name = Release;
		};
/* End XCBuildConfiguration section */

/* Begin XCConfigurationList section */
		176193FC2A4CED9400C32163 /* Build configuration list for PBXProject "Pokedex" */ = {
			isa = XCConfigurationList;
			buildConfigurations = (
				1761940D2A4CED9400C32163 /* Debug */,
				1761940E2A4CED9400C32163 /* Release */,
			);
			defaultConfigurationIsVisible = 0;
			defaultConfigurationName = Release;
		};
		1761940F2A4CED9400C32163 /* Build configuration list for PBXNativeTarget "Pokedex" */ = {
			isa = XCConfigurationList;
			buildConfigurations = (
				176194102A4CED9400C32163 /* Debug */,
				176194112A4CED9400C32163 /* Release */,
			);
			defaultConfigurationIsVisible = 0;
			defaultConfigurationName = Release;
		};
/* End XCConfigurationList section */
	};
	rootObject = 176193F92A4CED9400C32163 /* Project object */;
}
